// !$*UTF8*$!
{
	archiveVersion = 1;
	classes = {
	};
	objectVersion = 48;
	objects = {

/* Begin PBXBuildFile section */
		C35E0F141F09D9AF00F64401 /* CC3Foundation.h in Sources */ = {isa = PBXBuildFile; fileRef = C35E0F061F09D63B00F64401 /* CC3Foundation.h */; };
		C35E0F151F09D9AF00F64401 /* CC3Foundation.m in Sources */ = {isa = PBXBuildFile; fileRef = C35E0F071F09D63B00F64401 /* CC3Foundation.m */; settings = {COMPILER_FLAGS = "-fno-objc-arc"; }; };
		C35E0F161F09D9AF00F64401 /* CC3GLMatrix.h in Sources */ = {isa = PBXBuildFile; fileRef = C35E0F081F09D63B00F64401 /* CC3GLMatrix.h */; };
		C35E0F171F09D9AF00F64401 /* CC3GLMatrix.m in Sources */ = {isa = PBXBuildFile; fileRef = C35E0F091F09D63B00F64401 /* CC3GLMatrix.m */; settings = {COMPILER_FLAGS = "-fno-objc-arc"; }; };
		C35E0F181F09D9AF00F64401 /* CC3Kazmath.c in Sources */ = {isa = PBXBuildFile; fileRef = C35E0F0A1F09D63B00F64401 /* CC3Kazmath.c */; };
		C35E0F191F09D9AF00F64401 /* CC3Kazmath.h in Sources */ = {isa = PBXBuildFile; fileRef = C35E0F0B1F09D63B00F64401 /* CC3Kazmath.h */; };
		C35E0F1A1F09D9AF00F64401 /* CC3Logging.h in Sources */ = {isa = PBXBuildFile; fileRef = C35E0F0C1F09D63B00F64401 /* CC3Logging.h */; };
		C35E0F1B1F09D9AF00F64401 /* CC3Math.h in Sources */ = {isa = PBXBuildFile; fileRef = C35E0F0D1F09D63B00F64401 /* CC3Math.h */; };
		C35E0F1C1F09D9AF00F64401 /* CC3Math.m in Sources */ = {isa = PBXBuildFile; fileRef = C35E0F0E1F09D63B00F64401 /* CC3Math.m */; settings = {COMPILER_FLAGS = "-fno-objc-arc"; }; };
		C35E0F1D1F09D9AF00F64401 /* ccTypes.h in Sources */ = {isa = PBXBuildFile; fileRef = C35E0F0F1F09D63B00F64401 /* ccTypes.h */; };
		C3DD75371F07388F00595218 /* AppDelegate.swift in Sources */ = {isa = PBXBuildFile; fileRef = C3DD75361F07388F00595218 /* AppDelegate.swift */; };
		C3DD75391F07388F00595218 /* ViewController.swift in Sources */ = {isa = PBXBuildFile; fileRef = C3DD75381F07388F00595218 /* ViewController.swift */; };
		C3DD753C1F07388F00595218 /* Main.storyboard in Resources */ = {isa = PBXBuildFile; fileRef = C3DD753A1F07388F00595218 /* Main.storyboard */; };
		C3DD753E1F07388F00595218 /* Assets.xcassets in Resources */ = {isa = PBXBuildFile; fileRef = C3DD753D1F07388F00595218 /* Assets.xcassets */; };
		C3DD75411F07388F00595218 /* LaunchScreen.storyboard in Resources */ = {isa = PBXBuildFile; fileRef = C3DD753F1F07388F00595218 /* LaunchScreen.storyboard */; };
		C3DD754B1F07393700595218 /* OpenGLView.swift in Sources */ = {isa = PBXBuildFile; fileRef = C3DD754A1F07393700595218 /* OpenGLView.swift */; };
		C3DD75591F075F5900595218 /* SimpleVertex.glsl in Resources */ = {isa = PBXBuildFile; fileRef = C3DD75581F075F5900595218 /* SimpleVertex.glsl */; };
		C3DD755B1F075F7F00595218 /* SimpleFragment.glsl in Resources */ = {isa = PBXBuildFile; fileRef = C3DD755A1F075F7F00595218 /* SimpleFragment.glsl */; };
/* End PBXBuildFile section */

/* Begin PBXCopyFilesBuildPhase section */
		C3DD75501F07465A00595218 /* Embed Frameworks */ = {
			isa = PBXCopyFilesBuildPhase;
			buildActionMask = 2147483647;
			dstPath = "";
			dstSubfolderSpec = 10;
			files = (
			);
			name = "Embed Frameworks";
			runOnlyForDeploymentPostprocessing = 0;
		};
/* End PBXCopyFilesBuildPhase section */

/* Begin PBXFileReference section */
		C35E0F061F09D63B00F64401 /* CC3Foundation.h */ = {isa = PBXFileReference; lastKnownFileType = sourcecode.c.h; path = CC3Foundation.h; sourceTree = "<group>"; };
		C35E0F071F09D63B00F64401 /* CC3Foundation.m */ = {isa = PBXFileReference; lastKnownFileType = sourcecode.c.objc; path = CC3Foundation.m; sourceTree = "<group>"; };
		C35E0F081F09D63B00F64401 /* CC3GLMatrix.h */ = {isa = PBXFileReference; lastKnownFileType = sourcecode.c.h; path = CC3GLMatrix.h; sourceTree = "<group>"; };
		C35E0F091F09D63B00F64401 /* CC3GLMatrix.m */ = {isa = PBXFileReference; lastKnownFileType = sourcecode.c.objc; path = CC3GLMatrix.m; sourceTree = "<group>"; };
		C35E0F0A1F09D63B00F64401 /* CC3Kazmath.c */ = {isa = PBXFileReference; lastKnownFileType = sourcecode.c.c; path = CC3Kazmath.c; sourceTree = "<group>"; };
		C35E0F0B1F09D63B00F64401 /* CC3Kazmath.h */ = {isa = PBXFileReference; lastKnownFileType = sourcecode.c.h; path = CC3Kazmath.h; sourceTree = "<group>"; };
		C35E0F0C1F09D63B00F64401 /* CC3Logging.h */ = {isa = PBXFileReference; lastKnownFileType = sourcecode.c.h; path = CC3Logging.h; sourceTree = "<group>"; };
		C35E0F0D1F09D63B00F64401 /* CC3Math.h */ = {isa = PBXFileReference; lastKnownFileType = sourcecode.c.h; path = CC3Math.h; sourceTree = "<group>"; };
		C35E0F0E1F09D63B00F64401 /* CC3Math.m */ = {isa = PBXFileReference; lastKnownFileType = sourcecode.c.objc; path = CC3Math.m; sourceTree = "<group>"; };
		C35E0F0F1F09D63B00F64401 /* ccTypes.h */ = {isa = PBXFileReference; lastKnownFileType = sourcecode.c.h; path = ccTypes.h; sourceTree = "<group>"; };
		C35E0F101F09D66800F64401 /* OpenglTest-Bridging-Header.h */ = {isa = PBXFileReference; lastKnownFileType = sourcecode.c.h; path = "OpenglTest-Bridging-Header.h"; sourceTree = "<group>"; };
		C3DD75331F07388F00595218 /* OpenglTest.app */ = {isa = PBXFileReference; explicitFileType = wrapper.application; includeInIndex = 0; path = OpenglTest.app; sourceTree = BUILT_PRODUCTS_DIR; };
		C3DD75361F07388F00595218 /* AppDelegate.swift */ = {isa = PBXFileReference; lastKnownFileType = sourcecode.swift; path = AppDelegate.swift; sourceTree = "<group>"; };
		C3DD75381F07388F00595218 /* ViewController.swift */ = {isa = PBXFileReference; lastKnownFileType = sourcecode.swift; path = ViewController.swift; sourceTree = "<group>"; };
		C3DD753B1F07388F00595218 /* Base */ = {isa = PBXFileReference; lastKnownFileType = file.storyboard; name = Base; path = Base.lproj/Main.storyboard; sourceTree = "<group>"; };
		C3DD753D1F07388F00595218 /* Assets.xcassets */ = {isa = PBXFileReference; lastKnownFileType = folder.assetcatalog; path = Assets.xcassets; sourceTree = "<group>"; };
		C3DD75401F07388F00595218 /* Base */ = {isa = PBXFileReference; lastKnownFileType = file.storyboard; name = Base; path = Base.lproj/LaunchScreen.storyboard; sourceTree = "<group>"; };
		C3DD75421F07388F00595218 /* Info.plist */ = {isa = PBXFileReference; lastKnownFileType = text.plist.xml; path = Info.plist; sourceTree = "<group>"; };
		C3DD75491F07391100595218 /* OpenGLES.framework */ = {isa = PBXFileReference; lastKnownFileType = wrapper.framework; name = OpenGLES.framework; path = System/Library/Frameworks/OpenGLES.framework; sourceTree = SDKROOT; };
		C3DD754A1F07393700595218 /* OpenGLView.swift */ = {isa = PBXFileReference; lastKnownFileType = sourcecode.swift; path = OpenGLView.swift; sourceTree = "<group>"; };
		C3DD75581F075F5900595218 /* SimpleVertex.glsl */ = {isa = PBXFileReference; lastKnownFileType = text; path = SimpleVertex.glsl; sourceTree = "<group>"; };
		C3DD755A1F075F7F00595218 /* SimpleFragment.glsl */ = {isa = PBXFileReference; lastKnownFileType = text; path = SimpleFragment.glsl; sourceTree = "<group>"; };
/* End PBXFileReference section */

/* Begin PBXFrameworksBuildPhase section */
		C3DD75301F07388F00595218 /* Frameworks */ = {
			isa = PBXFrameworksBuildPhase;
			buildActionMask = 2147483647;
			files = (
			);
			runOnlyForDeploymentPostprocessing = 0;
		};
/* End PBXFrameworksBuildPhase section */

/* Begin PBXGroup section */
		C35E0F051F09D63B00F64401 /* Cocos3DMathLib */ = {
			isa = PBXGroup;
			children = (
				C35E0F061F09D63B00F64401 /* CC3Foundation.h */,
				C35E0F071F09D63B00F64401 /* CC3Foundation.m */,
				C35E0F081F09D63B00F64401 /* CC3GLMatrix.h */,
				C35E0F091F09D63B00F64401 /* CC3GLMatrix.m */,
				C35E0F0A1F09D63B00F64401 /* CC3Kazmath.c */,
				C35E0F0B1F09D63B00F64401 /* CC3Kazmath.h */,
				C35E0F0C1F09D63B00F64401 /* CC3Logging.h */,
				C35E0F0D1F09D63B00F64401 /* CC3Math.h */,
				C35E0F0E1F09D63B00F64401 /* CC3Math.m */,
				C35E0F0F1F09D63B00F64401 /* ccTypes.h */,
			);
			path = Cocos3DMathLib;
			sourceTree = "<group>";
		};
		C3DD752A1F07388F00595218 = {
			isa = PBXGroup;
			children = (
				C35E0F051F09D63B00F64401 /* Cocos3DMathLib */,
				C3DD75351F07388F00595218 /* OpenglTest */,
				C3DD75341F07388F00595218 /* Products */,
				C3DD75481F07391000595218 /* Frameworks */,
			);
			sourceTree = "<group>";
		};
		C3DD75341F07388F00595218 /* Products */ = {
			isa = PBXGroup;
			children = (
				C3DD75331F07388F00595218 /* OpenglTest.app */,
			);
			name = Products;
			sourceTree = "<group>";
		};
		C3DD75351F07388F00595218 /* OpenglTest */ = {
			isa = PBXGroup;
			children = (
				C3DD75361F07388F00595218 /* AppDelegate.swift */,
				C3DD75381F07388F00595218 /* ViewController.swift */,
				C3DD753A1F07388F00595218 /* Main.storyboard */,
				C3DD753D1F07388F00595218 /* Assets.xcassets */,
				C3DD753F1F07388F00595218 /* LaunchScreen.storyboard */,
				C3DD75421F07388F00595218 /* Info.plist */,
				C3DD754A1F07393700595218 /* OpenGLView.swift */,
				C3DD75581F075F5900595218 /* SimpleVertex.glsl */,
				C3DD755A1F075F7F00595218 /* SimpleFragment.glsl */,
				C35E0F101F09D66800F64401 /* OpenglTest-Bridging-Header.h */,
			);
			path = OpenglTest;
			sourceTree = "<group>";
		};
		C3DD75481F07391000595218 /* Frameworks */ = {
			isa = PBXGroup;
			children = (
				C3DD75491F07391100595218 /* OpenGLES.framework */,
			);
			name = Frameworks;
			sourceTree = "<group>";
		};
/* End PBXGroup section */

/* Begin PBXNativeTarget section */
		C3DD75321F07388F00595218 /* OpenglTest */ = {
			isa = PBXNativeTarget;
			buildConfigurationList = C3DD75451F07388F00595218 /* Build configuration list for PBXNativeTarget "OpenglTest" */;
			buildPhases = (
				C3DD752F1F07388F00595218 /* Sources */,
				C3DD75301F07388F00595218 /* Frameworks */,
				C3DD75311F07388F00595218 /* Resources */,
				C3DD75501F07465A00595218 /* Embed Frameworks */,
			);
			buildRules = (
			);
			dependencies = (
			);
			name = OpenglTest;
			productName = OpenglTest;
			productReference = C3DD75331F07388F00595218 /* OpenglTest.app */;
			productType = "com.apple.product-type.application";
		};
/* End PBXNativeTarget section */

/* Begin PBXProject section */
		C3DD752B1F07388F00595218 /* Project object */ = {
			isa = PBXProject;
			attributes = {
				LastSwiftUpdateCheck = 0900;
				LastUpgradeCheck = 0900;
				ORGANIZATIONNAME = ricebook;
				TargetAttributes = {
					C3DD75321F07388F00595218 = {
						CreatedOnToolsVersion = 9.0;
						LastSwiftMigration = 0900;
					};
				};
			};
			buildConfigurationList = C3DD752E1F07388F00595218 /* Build configuration list for PBXProject "OpenglTest" */;
			compatibilityVersion = "Xcode 8.0";
			developmentRegion = en;
			hasScannedForEncodings = 0;
			knownRegions = (
				en,
				Base,
			);
			mainGroup = C3DD752A1F07388F00595218;
			productRefGroup = C3DD75341F07388F00595218 /* Products */;
			projectDirPath = "";
			projectRoot = "";
			targets = (
				C3DD75321F07388F00595218 /* OpenglTest */,
			);
		};
/* End PBXProject section */

/* Begin PBXResourcesBuildPhase section */
		C3DD75311F07388F00595218 /* Resources */ = {
			isa = PBXResourcesBuildPhase;
			buildActionMask = 2147483647;
			files = (
				C3DD75411F07388F00595218 /* LaunchScreen.storyboard in Resources */,
				C3DD75591F075F5900595218 /* SimpleVertex.glsl in Resources */,
				C3DD753E1F07388F00595218 /* Assets.xcassets in Resources */,
				C3DD753C1F07388F00595218 /* Main.storyboard in Resources */,
				C3DD755B1F075F7F00595218 /* SimpleFragment.glsl in Resources */,
			);
			runOnlyForDeploymentPostprocessing = 0;
		};
/* End PBXResourcesBuildPhase section */

/* Begin PBXSourcesBuildPhase section */
		C3DD752F1F07388F00595218 /* Sources */ = {
			isa = PBXSourcesBuildPhase;
			buildActionMask = 2147483647;
			files = (
				C35E0F141F09D9AF00F64401 /* CC3Foundation.h in Sources */,
				C35E0F151F09D9AF00F64401 /* CC3Foundation.m in Sources */,
				C35E0F161F09D9AF00F64401 /* CC3GLMatrix.h in Sources */,
				C35E0F171F09D9AF00F64401 /* CC3GLMatrix.m in Sources */,
				C35E0F181F09D9AF00F64401 /* CC3Kazmath.c in Sources */,
				C35E0F191F09D9AF00F64401 /* CC3Kazmath.h in Sources */,
				C35E0F1A1F09D9AF00F64401 /* CC3Logging.h in Sources */,
				C35E0F1B1F09D9AF00F64401 /* CC3Math.h in Sources */,
				C35E0F1C1F09D9AF00F64401 /* CC3Math.m in Sources */,
				C35E0F1D1F09D9AF00F64401 /* ccTypes.h in Sources */,
				C3DD75391F07388F00595218 /* ViewController.swift in Sources */,
				C3DD754B1F07393700595218 /* OpenGLView.swift in Sources */,
				C3DD75371F07388F00595218 /* AppDelegate.swift in Sources */,
			);
			runOnlyForDeploymentPostprocessing = 0;
		};
/* End PBXSourcesBuildPhase section */

/* Begin PBXVariantGroup section */
		C3DD753A1F07388F00595218 /* Main.storyboard */ = {
			isa = PBXVariantGroup;
			children = (
				C3DD753B1F07388F00595218 /* Base */,
			);
			name = Main.storyboard;
			sourceTree = "<group>";
		};
		C3DD753F1F07388F00595218 /* LaunchScreen.storyboard */ = {
			isa = PBXVariantGroup;
			children = (
				C3DD75401F07388F00595218 /* Base */,
			);
			name = LaunchScreen.storyboard;
			sourceTree = "<group>";
		};
/* End PBXVariantGroup section */

/* Begin XCBuildConfiguration section */
		C3DD75431F07388F00595218 /* Debug */ = {
			isa = XCBuildConfiguration;
			buildSettings = {
				ALWAYS_SEARCH_USER_PATHS = NO;
				CLANG_ANALYZER_NONNULL = YES;
				CLANG_ANALYZER_NUMBER_OBJECT_CONVERSION = YES_AGGRESSIVE;
				CLANG_CXX_LANGUAGE_STANDARD = "gnu++14";
				CLANG_CXX_LIBRARY = "libc++";
				CLANG_ENABLE_MODULES = YES;
				CLANG_ENABLE_OBJC_ARC = YES;
				CLANG_WARN_BLOCK_CAPTURE_AUTORELEASING = YES;
				CLANG_WARN_BOOL_CONVERSION = YES;
				CLANG_WARN_COMMA = YES;
				CLANG_WARN_CONSTANT_CONVERSION = YES;
				CLANG_WARN_DIRECT_OBJC_ISA_USAGE = YES_ERROR;
				CLANG_WARN_DOCUMENTATION_COMMENTS = YES;
				CLANG_WARN_EMPTY_BODY = YES;
				CLANG_WARN_ENUM_CONVERSION = YES;
				CLANG_WARN_INFINITE_RECURSION = YES;
				CLANG_WARN_INT_CONVERSION = YES;
				CLANG_WARN_OBJC_ROOT_CLASS = YES_ERROR;
				CLANG_WARN_RANGE_LOOP_ANALYSIS = YES;
				CLANG_WARN_STRICT_PROTOTYPES = YES;
				CLANG_WARN_SUSPICIOUS_MOVE = YES;
				CLANG_WARN_UNGUARDED_AVAILABILITY = YES_AGGRESSIVE;
				CLANG_WARN_UNREACHABLE_CODE = YES;
				CLANG_WARN__DUPLICATE_METHOD_MATCH = YES;
				CODE_SIGN_IDENTITY = "iPhone Developer";
				COPY_PHASE_STRIP = NO;
				DEBUG_INFORMATION_FORMAT = dwarf;
				ENABLE_STRICT_OBJC_MSGSEND = YES;
				ENABLE_TESTABILITY = YES;
				GCC_C_LANGUAGE_STANDARD = gnu11;
				GCC_DYNAMIC_NO_PIC = NO;
				GCC_NO_COMMON_BLOCKS = YES;
				GCC_OPTIMIZATION_LEVEL = 0;
				GCC_PREPROCESSOR_DEFINITIONS = (
					"DEBUG=1",
					"$(inherited)",
				);
				GCC_WARN_64_TO_32_BIT_CONVERSION = YES;
				GCC_WARN_ABOUT_RETURN_TYPE = YES_ERROR;
				GCC_WARN_UNDECLARED_SELECTOR = YES;
				GCC_WARN_UNINITIALIZED_AUTOS = YES_AGGRESSIVE;
				GCC_WARN_UNUSED_FUNCTION = YES;
				GCC_WARN_UNUSED_VARIABLE = YES;
				IPHONEOS_DEPLOYMENT_TARGET = 11.0;
				MTL_ENABLE_DEBUG_INFO = YES;
				ONLY_ACTIVE_ARCH = YES;
				SDKROOT = iphoneos;
				SWIFT_ACTIVE_COMPILATION_CONDITIONS = DEBUG;
				SWIFT_OPTIMIZATION_LEVEL = "-Onone";
			};
			name = Debug;
		};
		C3DD75441F07388F00595218 /* Release */ = {
			isa = XCBuildConfiguration;
			buildSettings = {
				ALWAYS_SEARCH_USER_PATHS = NO;
				CLANG_ANALYZER_NONNULL = YES;
				CLANG_ANALYZER_NUMBER_OBJECT_CONVERSION = YES_AGGRESSIVE;
				CLANG_CXX_LANGUAGE_STANDARD = "gnu++14";
				CLANG_CXX_LIBRARY = "libc++";
				CLANG_ENABLE_MODULES = YES;
				CLANG_ENABLE_OBJC_ARC = YES;
				CLANG_WARN_BLOCK_CAPTURE_AUTORELEASING = YES;
				CLANG_WARN_BOOL_CONVERSION = YES;
				CLANG_WARN_COMMA = YES;
				CLANG_WARN_CONSTANT_CONVERSION = YES;
				CLANG_WARN_DIRECT_OBJC_ISA_USAGE = YES_ERROR;
				CLANG_WARN_DOCUMENTATION_COMMENTS = YES;
				CLANG_WARN_EMPTY_BODY = YES;
				CLANG_WARN_ENUM_CONVERSION = YES;
				CLANG_WARN_INFINITE_RECURSION = YES;
				CLANG_WARN_INT_CONVERSION = YES;
				CLANG_WARN_OBJC_ROOT_CLASS = YES_ERROR;
				CLANG_WARN_RANGE_LOOP_ANALYSIS = YES;
				CLANG_WARN_STRICT_PROTOTYPES = YES;
				CLANG_WARN_SUSPICIOUS_MOVE = YES;
				CLANG_WARN_UNGUARDED_AVAILABILITY = YES_AGGRESSIVE;
				CLANG_WARN_UNREACHABLE_CODE = YES;
				CLANG_WARN__DUPLICATE_METHOD_MATCH = YES;
				CODE_SIGN_IDENTITY = "iPhone Developer";
				COPY_PHASE_STRIP = NO;
				DEBUG_INFORMATION_FORMAT = "dwarf-with-dsym";
				ENABLE_NS_ASSERTIONS = NO;
				ENABLE_STRICT_OBJC_MSGSEND = YES;
				GCC_C_LANGUAGE_STANDARD = gnu11;
				GCC_NO_COMMON_BLOCKS = YES;
				GCC_WARN_64_TO_32_BIT_CONVERSION = YES;
				GCC_WARN_ABOUT_RETURN_TYPE = YES_ERROR;
				GCC_WARN_UNDECLARED_SELECTOR = YES;
				GCC_WARN_UNINITIALIZED_AUTOS = YES_AGGRESSIVE;
				GCC_WARN_UNUSED_FUNCTION = YES;
				GCC_WARN_UNUSED_VARIABLE = YES;
				IPHONEOS_DEPLOYMENT_TARGET = 11.0;
				MTL_ENABLE_DEBUG_INFO = NO;
				SDKROOT = iphoneos;
				SWIFT_OPTIMIZATION_LEVEL = "-Owholemodule";
				VALIDATE_PRODUCT = YES;
			};
			name = Release;
		};
		C3DD75461F07388F00595218 /* Debug */ = {
			isa = XCBuildConfiguration;
			buildSettings = {
				ASSETCATALOG_COMPILER_APPICON_NAME = AppIcon;
				CLANG_ENABLE_MODULES = YES;
				FRAMEWORK_SEARCH_PATHS = (
					"${SRCROOT}",
					"$(PROJECT_DIR)",
				);
				HEADER_SEARCH_PATHS = "${SRCROOT}/Cocos3DMathLib";
				INFOPLIST_FILE = OpenglTest/Info.plist;
				IPHONEOS_DEPLOYMENT_TARGET = 9.0;
				LD_RUNPATH_SEARCH_PATHS = "$(inherited) @executable_path/Frameworks";
				PRODUCT_BUNDLE_IDENTIFIER = com.ricebook.OpenglTest;
				PRODUCT_NAME = "$(TARGET_NAME)";
				SWIFT_OBJC_BRIDGING_HEADER = "OpenglTest/OpenglTest-Bridging-Header.h";
				SWIFT_OPTIMIZATION_LEVEL = "-Onone";
				SWIFT_VERSION = 4.0;
				TARGETED_DEVICE_FAMILY = "1,2";
			};
			name = Debug;
		};
		C3DD75471F07388F00595218 /* Release */ = {
			isa = XCBuildConfiguration;
			buildSettings = {
				ASSETCATALOG_COMPILER_APPICON_NAME = AppIcon;
				CLANG_ENABLE_MODULES = YES;
				FRAMEWORK_SEARCH_PATHS = (
					"${SRCROOT}",
					"$(PROJECT_DIR)",
				);
				HEADER_SEARCH_PATHS = "${SRCROOT}/Cocos3DMathLib";
				INFOPLIST_FILE = OpenglTest/Info.plist;
				IPHONEOS_DEPLOYMENT_TARGET = 9.0;
				LD_RUNPATH_SEARCH_PATHS = "$(inherited) @executable_path/Frameworks";
				PRODUCT_BUNDLE_IDENTIFIER = com.ricebook.OpenglTest;
				PRODUCT_NAME = "$(TARGET_NAME)";
				SWIFT_OBJC_BRIDGING_HEADER = "OpenglTest/OpenglTest-Bridging-Header.h";
				SWIFT_VERSION = 4.0;
				TARGETED_DEVICE_FAMILY = "1,2";
			};
			name = Release;
		};
/* End XCBuildConfiguration section */

/* Begin XCConfigurationList section */
		C3DD752E1F07388F00595218 /* Build configuration list for PBXProject "OpenglTest" */ = {
			isa = XCConfigurationList;
			buildConfigurations = (
				C3DD75431F07388F00595218 /* Debug */,
				C3DD75441F07388F00595218 /* Release */,
			);
			defaultConfigurationIsVisible = 0;
			defaultConfigurationName = Release;
		};
		C3DD75451F07388F00595218 /* Build configuration list for PBXNativeTarget "OpenglTest" */ = {
			isa = XCConfigurationList;
			buildConfigurations = (
				C3DD75461F07388F00595218 /* Debug */,
				C3DD75471F07388F00595218 /* Release */,
			);
			defaultConfigurationIsVisible = 0;
			defaultConfigurationName = Release;
		};
/* End XCConfigurationList section */
	};
	rootObject = C3DD752B1F07388F00595218 /* Project object */;
}
